// !$*UTF8*$!
{
	archiveVersion = 1;
	classes = {
	};
	objectVersion = 55;
	objects = {

/* Begin PBXBuildFile section */
		5871865F28DA849400BABB66 /* SnapToScroll in Frameworks */ = {isa = PBXBuildFile; productRef = 5871865E28DA849400BABB66 /* SnapToScroll */; };
		588B11F628D90DCF007CA197 /* Inus_StreamApp.swift in Sources */ = {isa = PBXBuildFile; fileRef = 588B11F528D90DCF007CA197 /* Inus_StreamApp.swift */; };
		588B11F828D90DCF007CA197 /* RecentAnimeCard.swift in Sources */ = {isa = PBXBuildFile; fileRef = 588B11F728D90DCF007CA197 /* RecentAnimeCard.swift */; };
		588B11FA28D90DD1007CA197 /* Assets.xcassets in Resources */ = {isa = PBXBuildFile; fileRef = 588B11F928D90DD1007CA197 /* Assets.xcassets */; };
		588B11FD28D90DD1007CA197 /* Preview Assets.xcassets in Resources */ = {isa = PBXBuildFile; fileRef = 588B11FC28D90DD1007CA197 /* Preview Assets.xcassets */; };
		588B120428D91452007CA197 /* HomePage.swift in Sources */ = {isa = PBXBuildFile; fileRef = 588B120328D91452007CA197 /* HomePage.swift */; };
		E9933E8F28E019FC00751BBE /* SwiftUISnappingScrollView in Frameworks */ = {isa = PBXBuildFile; productRef = E9933E8E28E019FC00751BBE /* SwiftUISnappingScrollView */; };
		E9933E9128E02A2400751BBE /* ContinueWatching.swift in Sources */ = {isa = PBXBuildFile; fileRef = E9933E9028E02A2400751BBE /* ContinueWatching.swift */; };
		E9933E9328E1220400751BBE /* InfoPage.swift in Sources */ = {isa = PBXBuildFile; fileRef = E9933E9228E1220400751BBE /* InfoPage.swift */; };
		E9933E9528E1282100751BBE /* EpisodeCard.swift in Sources */ = {isa = PBXBuildFile; fileRef = E9933E9428E1282100751BBE /* EpisodeCard.swift */; };
		E9933E9828E153B400751BBE /* Shimmer in Frameworks */ = {isa = PBXBuildFile; productRef = E9933E9728E153B400751BBE /* Shimmer */; };
		E9933E9A28E1608E00751BBE /* WatchPage.swift in Sources */ = {isa = PBXBuildFile; fileRef = E9933E9928E1608E00751BBE /* WatchPage.swift */; };
		E9933E9E28E1721400751BBE /* FASwiftUI in Frameworks */ = {isa = PBXBuildFile; productRef = E9933E9D28E1721400751BBE /* FASwiftUI */; };
		E9933EA128E1736F00751BBE /* SwiftUIFontIcon in Frameworks */ = {isa = PBXBuildFile; productRef = E9933EA028E1736F00751BBE /* SwiftUIFontIcon */; };
		E9CBF17428E2775B00F1BC29 /* SeekbarView.swift in Sources */ = {isa = PBXBuildFile; fileRef = E9CBF17328E2775B00F1BC29 /* SeekbarView.swift */; };
		E9CBF17628E2782F00F1BC29 /* BlurView.swift in Sources */ = {isa = PBXBuildFile; fileRef = E9CBF17528E2782F00F1BC29 /* BlurView.swift */; };
		E9CBF17828E3D93C00F1BC29 /* SearchPage.swift in Sources */ = {isa = PBXBuildFile; fileRef = E9CBF17728E3D93C00F1BC29 /* SearchPage.swift */; };
		E9CBF17D28E3F3F500F1BC29 /* DataController.swift in Sources */ = {isa = PBXBuildFile; fileRef = E9CBF17C28E3F3F500F1BC29 /* DataController.swift */; };
		E9CBF18028E3F72D00F1BC29 /* AnimeStorage.xcdatamodeld in Sources */ = {isa = PBXBuildFile; fileRef = E9CBF17E28E3F72D00F1BC29 /* AnimeStorage.xcdatamodeld */; };
/* End PBXBuildFile section */

/* Begin PBXFileReference section */
		588B11F228D90DCF007CA197 /* Inus Stream.app */ = {isa = PBXFileReference; explicitFileType = wrapper.application; includeInIndex = 0; path = "Inus Stream.app"; sourceTree = BUILT_PRODUCTS_DIR; };
		588B11F528D90DCF007CA197 /* Inus_StreamApp.swift */ = {isa = PBXFileReference; lastKnownFileType = sourcecode.swift; path = Inus_StreamApp.swift; sourceTree = "<group>"; };
		588B11F728D90DCF007CA197 /* RecentAnimeCard.swift */ = {isa = PBXFileReference; lastKnownFileType = sourcecode.swift; path = RecentAnimeCard.swift; sourceTree = "<group>"; };
		588B11F928D90DD1007CA197 /* Assets.xcassets */ = {isa = PBXFileReference; lastKnownFileType = folder.assetcatalog; path = Assets.xcassets; sourceTree = "<group>"; };
		588B11FC28D90DD1007CA197 /* Preview Assets.xcassets */ = {isa = PBXFileReference; lastKnownFileType = folder.assetcatalog; path = "Preview Assets.xcassets"; sourceTree = "<group>"; };
		588B120328D91452007CA197 /* HomePage.swift */ = {isa = PBXFileReference; lastKnownFileType = sourcecode.swift; path = HomePage.swift; sourceTree = "<group>"; };
		E9933E9028E02A2400751BBE /* ContinueWatching.swift */ = {isa = PBXFileReference; lastKnownFileType = sourcecode.swift; path = ContinueWatching.swift; sourceTree = "<group>"; };
		E9933E9228E1220400751BBE /* InfoPage.swift */ = {isa = PBXFileReference; lastKnownFileType = sourcecode.swift; path = InfoPage.swift; sourceTree = "<group>"; };
		E9933E9428E1282100751BBE /* EpisodeCard.swift */ = {isa = PBXFileReference; lastKnownFileType = sourcecode.swift; path = EpisodeCard.swift; sourceTree = "<group>"; };
		E9933E9928E1608E00751BBE /* WatchPage.swift */ = {isa = PBXFileReference; lastKnownFileType = sourcecode.swift; path = WatchPage.swift; sourceTree = "<group>"; };
		E9933E9B28E1633700751BBE /* Inus-Stream-Info.plist */ = {isa = PBXFileReference; lastKnownFileType = text.plist; path = "Inus-Stream-Info.plist"; sourceTree = SOURCE_ROOT; };
		E9CBF17328E2775B00F1BC29 /* SeekbarView.swift */ = {isa = PBXFileReference; lastKnownFileType = sourcecode.swift; path = SeekbarView.swift; sourceTree = "<group>"; };
		E9CBF17528E2782F00F1BC29 /* BlurView.swift */ = {isa = PBXFileReference; lastKnownFileType = sourcecode.swift; path = BlurView.swift; sourceTree = "<group>"; };
		E9CBF17728E3D93C00F1BC29 /* SearchPage.swift */ = {isa = PBXFileReference; lastKnownFileType = sourcecode.swift; path = SearchPage.swift; sourceTree = "<group>"; };
		E9CBF17C28E3F3F500F1BC29 /* DataController.swift */ = {isa = PBXFileReference; lastKnownFileType = sourcecode.swift; path = DataController.swift; sourceTree = "<group>"; };
		E9CBF17F28E3F72D00F1BC29 /* AnimeStorage.xcdatamodel */ = {isa = PBXFileReference; lastKnownFileType = wrapper.xcdatamodel; path = AnimeStorage.xcdatamodel; sourceTree = "<group>"; };
/* End PBXFileReference section */

/* Begin PBXFrameworksBuildPhase section */
		588B11EF28D90DCF007CA197 /* Frameworks */ = {
			isa = PBXFrameworksBuildPhase;
			buildActionMask = 2147483647;
			files = (
				E9933E9828E153B400751BBE /* Shimmer in Frameworks */,
				E9933E8F28E019FC00751BBE /* SwiftUISnappingScrollView in Frameworks */,
				5871865F28DA849400BABB66 /* SnapToScroll in Frameworks */,
				E9933EA128E1736F00751BBE /* SwiftUIFontIcon in Frameworks */,
				E9933E9E28E1721400751BBE /* FASwiftUI in Frameworks */,
			);
			runOnlyForDeploymentPostprocessing = 0;
		};
/* End PBXFrameworksBuildPhase section */

/* Begin PBXGroup section */
		588B11E928D90DCF007CA197 = {
			isa = PBXGroup;
			children = (
				588B11F428D90DCF007CA197 /* Inus Stream */,
				588B11F328D90DCF007CA197 /* Products */,
			);
			sourceTree = "<group>";
		};
		588B11F328D90DCF007CA197 /* Products */ = {
			isa = PBXGroup;
			children = (
				588B11F228D90DCF007CA197 /* Inus Stream.app */,
			);
			name = Products;
			sourceTree = "<group>";
		};
		588B11F428D90DCF007CA197 /* Inus Stream */ = {
			isa = PBXGroup;
			children = (
				E9CBF17328E2775B00F1BC29 /* SeekbarView.swift */,
				E9933E9928E1608E00751BBE /* WatchPage.swift */,
				E9933E9B28E1633700751BBE /* Inus-Stream-Info.plist */,
				588B11F528D90DCF007CA197 /* Inus_StreamApp.swift */,
				588B11F728D90DCF007CA197 /* RecentAnimeCard.swift */,
				588B11F928D90DD1007CA197 /* Assets.xcassets */,
				588B11FB28D90DD1007CA197 /* Preview Content */,
				588B120328D91452007CA197 /* HomePage.swift */,
				E9933E9228E1220400751BBE /* InfoPage.swift */,
				E9933E9428E1282100751BBE /* EpisodeCard.swift */,
				E9933E9028E02A2400751BBE /* ContinueWatching.swift */,
				E9CBF17528E2782F00F1BC29 /* BlurView.swift */,
				E9CBF17728E3D93C00F1BC29 /* SearchPage.swift */,
				E9CBF17C28E3F3F500F1BC29 /* DataController.swift */,
				E9CBF17E28E3F72D00F1BC29 /* AnimeStorage.xcdatamodeld */,
			);
			path = "Inus Stream";
			sourceTree = "<group>";
		};
		588B11FB28D90DD1007CA197 /* Preview Content */ = {
			isa = PBXGroup;
			children = (
				588B11FC28D90DD1007CA197 /* Preview Assets.xcassets */,
			);
			path = "Preview Content";
			sourceTree = "<group>";
		};
/* End PBXGroup section */

/* Begin PBXNativeTarget section */
		588B11F128D90DCF007CA197 /* Inus Stream */ = {
			isa = PBXNativeTarget;
			buildConfigurationList = 588B120028D90DD1007CA197 /* Build configuration list for PBXNativeTarget "Inus Stream" */;
			buildPhases = (
				588B11EE28D90DCF007CA197 /* Sources */,
				588B11EF28D90DCF007CA197 /* Frameworks */,
				588B11F028D90DCF007CA197 /* Resources */,
			);
			buildRules = (
			);
			dependencies = (
			);
			name = "Inus Stream";
			packageProductDependencies = (
				5871865E28DA849400BABB66 /* SnapToScroll */,
				E9933E8E28E019FC00751BBE /* SwiftUISnappingScrollView */,
				E9933E9728E153B400751BBE /* Shimmer */,
				E9933E9D28E1721400751BBE /* FASwiftUI */,
				E9933EA028E1736F00751BBE /* SwiftUIFontIcon */,
			);
			productName = "Inus Stream";
			productReference = 588B11F228D90DCF007CA197 /* Inus Stream.app */;
			productType = "com.apple.product-type.application";
		};
/* End PBXNativeTarget section */

/* Begin PBXProject section */
		588B11EA28D90DCF007CA197 /* Project object */ = {
			isa = PBXProject;
			attributes = {
				BuildIndependentTargetsInParallel = 1;
				LastSwiftUpdateCheck = 1340;
				LastUpgradeCheck = 1340;
				TargetAttributes = {
					588B11F128D90DCF007CA197 = {
						CreatedOnToolsVersion = 13.4.1;
					};
				};
			};
			buildConfigurationList = 588B11ED28D90DCF007CA197 /* Build configuration list for PBXProject "Inus Stream" */;
			compatibilityVersion = "Xcode 13.0";
			developmentRegion = en;
			hasScannedForEncodings = 0;
			knownRegions = (
				en,
				Base,
			);
			mainGroup = 588B11E928D90DCF007CA197;
			packageReferences = (
				5871865D28DA849400BABB66 /* XCRemoteSwiftPackageReference "hstack-snap-to-scroll" */,
				E9933E8D28E019FC00751BBE /* XCRemoteSwiftPackageReference "SwiftUISnappingScrollView" */,
				E9933E9628E153B400751BBE /* XCRemoteSwiftPackageReference "SwiftUI-Shimmer" */,
				E9933E9C28E1721400751BBE /* XCRemoteSwiftPackageReference "FASwiftUI" */,
				E9933E9F28E1736F00751BBE /* XCRemoteSwiftPackageReference "SwiftUIFontIcon" */,
			);
			productRefGroup = 588B11F328D90DCF007CA197 /* Products */;
			projectDirPath = "";
			projectRoot = "";
			targets = (
				588B11F128D90DCF007CA197 /* Inus Stream */,
			);
		};
/* End PBXProject section */

/* Begin PBXResourcesBuildPhase section */
		588B11F028D90DCF007CA197 /* Resources */ = {
			isa = PBXResourcesBuildPhase;
			buildActionMask = 2147483647;
			files = (
				588B11FD28D90DD1007CA197 /* Preview Assets.xcassets in Resources */,
				588B11FA28D90DD1007CA197 /* Assets.xcassets in Resources */,
			);
			runOnlyForDeploymentPostprocessing = 0;
		};
/* End PBXResourcesBuildPhase section */

/* Begin PBXSourcesBuildPhase section */
		588B11EE28D90DCF007CA197 /* Sources */ = {
			isa = PBXSourcesBuildPhase;
			buildActionMask = 2147483647;
			files = (
				E9933E9328E1220400751BBE /* InfoPage.swift in Sources */,
				E9CBF17D28E3F3F500F1BC29 /* DataController.swift in Sources */,
				E9933E9528E1282100751BBE /* EpisodeCard.swift in Sources */,
				E9933E9A28E1608E00751BBE /* WatchPage.swift in Sources */,
				E9CBF17428E2775B00F1BC29 /* SeekbarView.swift in Sources */,
				E9CBF17828E3D93C00F1BC29 /* SearchPage.swift in Sources */,
				588B11F828D90DCF007CA197 /* RecentAnimeCard.swift in Sources */,
				E9CBF17628E2782F00F1BC29 /* BlurView.swift in Sources */,
				E9CBF18028E3F72D00F1BC29 /* AnimeStorage.xcdatamodeld in Sources */,
				588B120428D91452007CA197 /* HomePage.swift in Sources */,
				588B11F628D90DCF007CA197 /* Inus_StreamApp.swift in Sources */,
				E9933E9128E02A2400751BBE /* ContinueWatching.swift in Sources */,
			);
			runOnlyForDeploymentPostprocessing = 0;
		};
/* End PBXSourcesBuildPhase section */

/* Begin XCBuildConfiguration section */
		588B11FE28D90DD1007CA197 /* Debug */ = {
			isa = XCBuildConfiguration;
			buildSettings = {
				ALWAYS_SEARCH_USER_PATHS = NO;
				CLANG_ANALYZER_NONNULL = YES;
				CLANG_ANALYZER_NUMBER_OBJECT_CONVERSION = YES_AGGRESSIVE;
				CLANG_CXX_LANGUAGE_STANDARD = "gnu++17";
				CLANG_ENABLE_MODULES = YES;
				CLANG_ENABLE_OBJC_ARC = YES;
				CLANG_ENABLE_OBJC_WEAK = YES;
				CLANG_WARN_BLOCK_CAPTURE_AUTORELEASING = YES;
				CLANG_WARN_BOOL_CONVERSION = YES;
				CLANG_WARN_COMMA = YES;
				CLANG_WARN_CONSTANT_CONVERSION = YES;
				CLANG_WARN_DEPRECATED_OBJC_IMPLEMENTATIONS = YES;
				CLANG_WARN_DIRECT_OBJC_ISA_USAGE = YES_ERROR;
				CLANG_WARN_DOCUMENTATION_COMMENTS = YES;
				CLANG_WARN_EMPTY_BODY = YES;
				CLANG_WARN_ENUM_CONVERSION = YES;
				CLANG_WARN_INFINITE_RECURSION = YES;
				CLANG_WARN_INT_CONVERSION = YES;
				CLANG_WARN_NON_LITERAL_NULL_CONVERSION = YES;
				CLANG_WARN_OBJC_IMPLICIT_RETAIN_SELF = YES;
				CLANG_WARN_OBJC_LITERAL_CONVERSION = YES;
				CLANG_WARN_OBJC_ROOT_CLASS = YES_ERROR;
				CLANG_WARN_QUOTED_INCLUDE_IN_FRAMEWORK_HEADER = YES;
				CLANG_WARN_RANGE_LOOP_ANALYSIS = YES;
				CLANG_WARN_STRICT_PROTOTYPES = YES;
				CLANG_WARN_SUSPICIOUS_MOVE = YES;
				CLANG_WARN_UNGUARDED_AVAILABILITY = YES_AGGRESSIVE;
				CLANG_WARN_UNREACHABLE_CODE = YES;
				CLANG_WARN__DUPLICATE_METHOD_MATCH = YES;
				COPY_PHASE_STRIP = NO;
				DEBUG_INFORMATION_FORMAT = dwarf;
				ENABLE_STRICT_OBJC_MSGSEND = YES;
				ENABLE_TESTABILITY = YES;
				GCC_C_LANGUAGE_STANDARD = gnu11;
				GCC_DYNAMIC_NO_PIC = NO;
				GCC_NO_COMMON_BLOCKS = YES;
				GCC_OPTIMIZATION_LEVEL = 0;
				GCC_PREPROCESSOR_DEFINITIONS = (
					"DEBUG=1",
					"$(inherited)",
				);
				GCC_WARN_64_TO_32_BIT_CONVERSION = YES;
				GCC_WARN_ABOUT_RETURN_TYPE = YES_ERROR;
				GCC_WARN_UNDECLARED_SELECTOR = YES;
				GCC_WARN_UNINITIALIZED_AUTOS = YES_AGGRESSIVE;
				GCC_WARN_UNUSED_FUNCTION = YES;
				GCC_WARN_UNUSED_VARIABLE = YES;
				IPHONEOS_DEPLOYMENT_TARGET = 15.5;
				MTL_ENABLE_DEBUG_INFO = INCLUDE_SOURCE;
				MTL_FAST_MATH = YES;
				ONLY_ACTIVE_ARCH = YES;
				SDKROOT = iphoneos;
				SWIFT_ACTIVE_COMPILATION_CONDITIONS = DEBUG;
				SWIFT_OPTIMIZATION_LEVEL = "-Onone";
			};
			name = Debug;
		};
		588B11FF28D90DD1007CA197 /* Release */ = {
			isa = XCBuildConfiguration;
			buildSettings = {
				ALWAYS_SEARCH_USER_PATHS = NO;
				CLANG_ANALYZER_NONNULL = YES;
				CLANG_ANALYZER_NUMBER_OBJECT_CONVERSION = YES_AGGRESSIVE;
				CLANG_CXX_LANGUAGE_STANDARD = "gnu++17";
				CLANG_ENABLE_MODULES = YES;
				CLANG_ENABLE_OBJC_ARC = YES;
				CLANG_ENABLE_OBJC_WEAK = YES;
				CLANG_WARN_BLOCK_CAPTURE_AUTORELEASING = YES;
				CLANG_WARN_BOOL_CONVERSION = YES;
				CLANG_WARN_COMMA = YES;
				CLANG_WARN_CONSTANT_CONVERSION = YES;
				CLANG_WARN_DEPRECATED_OBJC_IMPLEMENTATIONS = YES;
				CLANG_WARN_DIRECT_OBJC_ISA_USAGE = YES_ERROR;
				CLANG_WARN_DOCUMENTATION_COMMENTS = YES;
				CLANG_WARN_EMPTY_BODY = YES;
				CLANG_WARN_ENUM_CONVERSION = YES;
				CLANG_WARN_INFINITE_RECURSION = YES;
				CLANG_WARN_INT_CONVERSION = YES;
				CLANG_WARN_NON_LITERAL_NULL_CONVERSION = YES;
				CLANG_WARN_OBJC_IMPLICIT_RETAIN_SELF = YES;
				CLANG_WARN_OBJC_LITERAL_CONVERSION = YES;
				CLANG_WARN_OBJC_ROOT_CLASS = YES_ERROR;
				CLANG_WARN_QUOTED_INCLUDE_IN_FRAMEWORK_HEADER = YES;
				CLANG_WARN_RANGE_LOOP_ANALYSIS = YES;
				CLANG_WARN_STRICT_PROTOTYPES = YES;
				CLANG_WARN_SUSPICIOUS_MOVE = YES;
				CLANG_WARN_UNGUARDED_AVAILABILITY = YES_AGGRESSIVE;
				CLANG_WARN_UNREACHABLE_CODE = YES;
				CLANG_WARN__DUPLICATE_METHOD_MATCH = YES;
				COPY_PHASE_STRIP = NO;
				DEBUG_INFORMATION_FORMAT = "dwarf-with-dsym";
				ENABLE_NS_ASSERTIONS = NO;
				ENABLE_STRICT_OBJC_MSGSEND = YES;
				GCC_C_LANGUAGE_STANDARD = gnu11;
				GCC_NO_COMMON_BLOCKS = YES;
				GCC_WARN_64_TO_32_BIT_CONVERSION = YES;
				GCC_WARN_ABOUT_RETURN_TYPE = YES_ERROR;
				GCC_WARN_UNDECLARED_SELECTOR = YES;
				GCC_WARN_UNINITIALIZED_AUTOS = YES_AGGRESSIVE;
				GCC_WARN_UNUSED_FUNCTION = YES;
				GCC_WARN_UNUSED_VARIABLE = YES;
				IPHONEOS_DEPLOYMENT_TARGET = 15.5;
				MTL_ENABLE_DEBUG_INFO = NO;
				MTL_FAST_MATH = YES;
				SDKROOT = iphoneos;
				SWIFT_COMPILATION_MODE = wholemodule;
				SWIFT_OPTIMIZATION_LEVEL = "-O";
				VALIDATE_PRODUCT = YES;
			};
			name = Release;
		};
		588B120128D90DD1007CA197 /* Debug */ = {
			isa = XCBuildConfiguration;
			buildSettings = {
				ASSETCATALOG_COMPILER_APPICON_NAME = AppIcon;
				ASSETCATALOG_COMPILER_GLOBAL_ACCENT_COLOR_NAME = AccentColor;
				CODE_SIGN_STYLE = Automatic;
				CURRENT_PROJECT_VERSION = 1;
				DEVELOPMENT_ASSET_PATHS = "\"Inus Stream/Preview Content\"";
				DEVELOPMENT_TEAM = A9QQBWPHB7;
				ENABLE_PREVIEWS = YES;
				GENERATE_INFOPLIST_FILE = YES;
				INFOPLIST_FILE = "Inus-Stream-Info.plist";
				INFOPLIST_KEY_UIApplicationSceneManifest_Generation = YES;
				INFOPLIST_KEY_UIApplicationSupportsIndirectInputEvents = YES;
				INFOPLIST_KEY_UILaunchScreen_Generation = YES;
				INFOPLIST_KEY_UISupportedInterfaceOrientations_iPad = "UIInterfaceOrientationPortrait UIInterfaceOrientationPortraitUpsideDown UIInterfaceOrientationLandscapeLeft UIInterfaceOrientationLandscapeRight";
				INFOPLIST_KEY_UISupportedInterfaceOrientations_iPhone = "UIInterfaceOrientationPortrait UIInterfaceOrientationLandscapeLeft UIInterfaceOrientationLandscapeRight";
				LD_RUNPATH_SEARCH_PATHS = (
					"$(inherited)",
					"@executable_path/Frameworks",
				);
				MARKETING_VERSION = 1.0;
				PRODUCT_BUNDLE_IDENTIFIER = "com.ryusaki.Inus-Stream";
				PRODUCT_NAME = "$(TARGET_NAME)";
				SWIFT_EMIT_LOC_STRINGS = YES;
				SWIFT_VERSION = 5.0;
				TARGETED_DEVICE_FAMILY = "1,2";
			};
			name = Debug;
		};
		588B120228D90DD1007CA197 /* Release */ = {
			isa = XCBuildConfiguration;
			buildSettings = {
				ASSETCATALOG_COMPILER_APPICON_NAME = AppIcon;
				ASSETCATALOG_COMPILER_GLOBAL_ACCENT_COLOR_NAME = AccentColor;
				CODE_SIGN_STYLE = Automatic;
				CURRENT_PROJECT_VERSION = 1;
				DEVELOPMENT_ASSET_PATHS = "\"Inus Stream/Preview Content\"";
				DEVELOPMENT_TEAM = A9QQBWPHB7;
				ENABLE_PREVIEWS = YES;
				GENERATE_INFOPLIST_FILE = YES;
				INFOPLIST_FILE = "Inus-Stream-Info.plist";
				INFOPLIST_KEY_UIApplicationSceneManifest_Generation = YES;
				INFOPLIST_KEY_UIApplicationSupportsIndirectInputEvents = YES;
				INFOPLIST_KEY_UILaunchScreen_Generation = YES;
				INFOPLIST_KEY_UISupportedInterfaceOrientations_iPad = "UIInterfaceOrientationPortrait UIInterfaceOrientationPortraitUpsideDown UIInterfaceOrientationLandscapeLeft UIInterfaceOrientationLandscapeRight";
				INFOPLIST_KEY_UISupportedInterfaceOrientations_iPhone = "UIInterfaceOrientationPortrait UIInterfaceOrientationLandscapeLeft UIInterfaceOrientationLandscapeRight";
				LD_RUNPATH_SEARCH_PATHS = (
					"$(inherited)",
					"@executable_path/Frameworks",
				);
				MARKETING_VERSION = 1.0;
				PRODUCT_BUNDLE_IDENTIFIER = "com.ryusaki.Inus-Stream";
				PRODUCT_NAME = "$(TARGET_NAME)";
				SWIFT_EMIT_LOC_STRINGS = YES;
				SWIFT_VERSION = 5.0;
				TARGETED_DEVICE_FAMILY = "1,2";
			};
			name = Release;
		};
/* End XCBuildConfiguration section */

/* Begin XCConfigurationList section */
		588B11ED28D90DCF007CA197 /* Build configuration list for PBXProject "Inus Stream" */ = {
			isa = XCConfigurationList;
			buildConfigurations = (
				588B11FE28D90DD1007CA197 /* Debug */,
				588B11FF28D90DD1007CA197 /* Release */,
			);
			defaultConfigurationIsVisible = 0;
			defaultConfigurationName = Release;
		};
		588B120028D90DD1007CA197 /* Build configuration list for PBXNativeTarget "Inus Stream" */ = {
			isa = XCConfigurationList;
			buildConfigurations = (
				588B120128D90DD1007CA197 /* Debug */,
				588B120228D90DD1007CA197 /* Release */,
			);
			defaultConfigurationIsVisible = 0;
			defaultConfigurationName = Release;
		};
/* End XCConfigurationList section */

/* Begin XCRemoteSwiftPackageReference section */
		5871865D28DA849400BABB66 /* XCRemoteSwiftPackageReference "hstack-snap-to-scroll" */ = {
			isa = XCRemoteSwiftPackageReference;
			repositoryURL = "https://github.com/swiftui-library/hstack-snap-to-scroll";
			requirement = {
				kind = upToNextMajorVersion;
				minimumVersion = 1.0.0;
			};
		};
		E9933E8D28E019FC00751BBE /* XCRemoteSwiftPackageReference "SwiftUISnappingScrollView" */ = {
			isa = XCRemoteSwiftPackageReference;
			repositoryURL = "https://github.com/ciaranrobrien/SwiftUISnappingScrollView.git";
			requirement = {
				branch = main;
				kind = branch;
			};
		};
		E9933E9628E153B400751BBE /* XCRemoteSwiftPackageReference "SwiftUI-Shimmer" */ = {
			isa = XCRemoteSwiftPackageReference;
			repositoryURL = "https://github.com/markiv/SwiftUI-Shimmer.git";
			requirement = {
				kind = upToNextMajorVersion;
				minimumVersion = 1.0.0;
			};
		};
		E9933E9C28E1721400751BBE /* XCRemoteSwiftPackageReference "FASwiftUI" */ = {
			isa = XCRemoteSwiftPackageReference;
			repositoryURL = "https://github.com/mattmaddux/FASwiftUI.git";
			requirement = {
				kind = upToNextMajorVersion;
				minimumVersion = 2.0.0;
			};
		};
		E9933E9F28E1736F00751BBE /* XCRemoteSwiftPackageReference "SwiftUIFontIcon" */ = {
			isa = XCRemoteSwiftPackageReference;
			repositoryURL = "https://github.com/huybuidac/SwiftUIFontIcon";
			requirement = {
				kind = upToNextMajorVersion;
				minimumVersion = 2.0.0;
			};
		};
/* End XCRemoteSwiftPackageReference section */

/* Begin XCSwiftPackageProductDependency section */
		5871865E28DA849400BABB66 /* SnapToScroll */ = {
			isa = XCSwiftPackageProductDependency;
			package = 5871865D28DA849400BABB66 /* XCRemoteSwiftPackageReference "hstack-snap-to-scroll" */;
			productName = SnapToScroll;
		};
		E9933E8E28E019FC00751BBE /* SwiftUISnappingScrollView */ = {
			isa = XCSwiftPackageProductDependency;
			package = E9933E8D28E019FC00751BBE /* XCRemoteSwiftPackageReference "SwiftUISnappingScrollView" */;
			productName = SwiftUISnappingScrollView;
		};
		E9933E9728E153B400751BBE /* Shimmer */ = {
			isa = XCSwiftPackageProductDependency;
			package = E9933E9628E153B400751BBE /* XCRemoteSwiftPackageReference "SwiftUI-Shimmer" */;
			productName = Shimmer;
		};
		E9933E9D28E1721400751BBE /* FASwiftUI */ = {
			isa = XCSwiftPackageProductDependency;
			package = E9933E9C28E1721400751BBE /* XCRemoteSwiftPackageReference "FASwiftUI" */;
			productName = FASwiftUI;
		};
		E9933EA028E1736F00751BBE /* SwiftUIFontIcon */ = {
			isa = XCSwiftPackageProductDependency;
			package = E9933E9F28E1736F00751BBE /* XCRemoteSwiftPackageReference "SwiftUIFontIcon" */;
			productName = SwiftUIFontIcon;
		};
/* End XCSwiftPackageProductDependency section */

/* Begin XCVersionGroup section */
		E9CBF17E28E3F72D00F1BC29 /* AnimeStorage.xcdatamodeld */ = {
			isa = XCVersionGroup;
			children = (
				E9CBF17F28E3F72D00F1BC29 /* AnimeStorage.xcdatamodel */,
			);
			currentVersion = E9CBF17F28E3F72D00F1BC29 /* AnimeStorage.xcdatamodel */;
			path = AnimeStorage.xcdatamodeld;
			sourceTree = "<group>";
			versionGroupType = wrapper.xcdatamodel;
		};
/* End XCVersionGroup section */
	};
	rootObject = 588B11EA28D90DCF007CA197 /* Project object */;
}
